
Microsoft Visual Studio Solution File, Format Version 12.00
# Visual Studio Version 17
VisualStudioVersion = 17.6.33829.357
MinimumVisualStudioVersion = 10.0.40219.1
Project("{FAE04EC0-301F-11D3-BF4B-00C04F79EFBC}") = "tugasMod9Kelompok11", "tugasMod9Kelompok11\tugasMod9Kelompok11.csproj", "{E0EB198B-DEDE-451A-8821-4C48FE9D0A9E}"
EndProject
Global
	GlobalSection(SolutionConfigurationPlatforms) = preSolution
		Debug|Any CPU = Debug|Any CPU
		Release|Any CPU = Release|Any CPU
	EndGlobalSection
	GlobalSection(ProjectConfigurationPlatforms) = postSolution
		{E0EB198B-DEDE-451A-8821-4C48FE9D0A9E}.Debug|Any CPU.ActiveCfg = Debug|Any CPU
		{E0EB198B-DEDE-451A-8821-4C48FE9D0A9E}.Debug|Any CPU.Build.0 = Debug|Any CPU
		{E0EB198B-DEDE-451A-8821-4C48FE9D0A9E}.Release|Any CPU.ActiveCfg = Release|Any CPU
		{E0EB198B-DEDE-451A-8821-4C48FE9D0A9E}.Release|Any CPU.Build.0 = Release|Any CPU
	EndGlobalSection
	GlobalSection(SolutionProperties) = preSolution
		HideSolutionNode = FALSE
	EndGlobalSection
	GlobalSection(ExtensibilityGlobals) = postSolution
		SolutionGuid = {0B601F78-F5F1-449A-A3CC-0051E955C049}
	EndGlobalSection
EndGlobal
